
Microsoft Visual Studio Solution File, Format Version 12.00
# Visual Studio Version 16
VisualStudioVersion = 16.0.35425.106
MinimumVisualStudioVersion = 10.0.40219.1
Project("{FAE04EC0-301F-11D3-BF4B-00C04F79EFBC}") = "ConsoleAppForGIT", "ConsoleAppForGIT\ConsoleAppForGIT.csproj", "{30882F29-EA25-4E13-924A-D85AB4F931C4}"
EndProject
Global
	GlobalSection(SolutionConfigurationPlatforms) = preSolution
		Debug|Any CPU = Debug|Any CPU
		Release|Any CPU = Release|Any CPU
	EndGlobalSection
	GlobalSection(ProjectConfigurationPlatforms) = postSolution
		{30882F29-EA25-4E13-924A-D85AB4F931C4}.Debug|Any CPU.ActiveCfg = Debug|Any CPU
		{30882F29-EA25-4E13-924A-D85AB4F931C4}.Debug|Any CPU.Build.0 = Debug|Any CPU
		{30882F29-EA25-4E13-924A-D85AB4F931C4}.Release|Any CPU.ActiveCfg = Release|Any CPU
		{30882F29-EA25-4E13-924A-D85AB4F931C4}.Release|Any CPU.Build.0 = Release|Any CPU
	EndGlobalSection
	GlobalSection(SolutionProperties) = preSolution
		HideSolutionNode = FALSE
	EndGlobalSection
	GlobalSection(ExtensibilityGlobals) = postSolution
		SolutionGuid = {8D68AC8C-31DE-4DE0-8858-7A3574F8A3E8}
	EndGlobalSection
EndGlobal
